
Microsoft Visual Studio Solution File, Format Version 12.00
# Visual Studio Version 17
VisualStudioVersion = 17.7.34009.444
MinimumVisualStudioVersion = 10.0.40219.1
Project("{FAE04EC0-301F-11D3-BF4B-00C04F79EFBC}") = "ChatServer", "ChatServer\ChatServer.csproj", "{D2370A4D-8023-4434-9E1A-620134A8DAA0}"
EndProject
Project("{FAE04EC0-301F-11D3-BF4B-00C04F79EFBC}") = "ClientChat", "ClientChat\ClientChat.csproj", "{C8537BA6-C823-49BE-AA98-A57C366F0934}"
EndProject
Global
	GlobalSection(SolutionConfigurationPlatforms) = preSolution
		Debug|Any CPU = Debug|Any CPU
		Release|Any CPU = Release|Any CPU
	EndGlobalSection
	GlobalSection(ProjectConfigurationPlatforms) = postSolution
		{D2370A4D-8023-4434-9E1A-620134A8DAA0}.Debug|Any CPU.ActiveCfg = Debug|Any CPU
		{D2370A4D-8023-4434-9E1A-620134A8DAA0}.Debug|Any CPU.Build.0 = Debug|Any CPU
		{D2370A4D-8023-4434-9E1A-620134A8DAA0}.Release|Any CPU.ActiveCfg = Release|Any CPU
		{D2370A4D-8023-4434-9E1A-620134A8DAA0}.Release|Any CPU.Build.0 = Release|Any CPU
		{C8537BA6-C823-49BE-AA98-A57C366F0934}.Debug|Any CPU.ActiveCfg = Debug|Any CPU
		{C8537BA6-C823-49BE-AA98-A57C366F0934}.Debug|Any CPU.Build.0 = Debug|Any CPU
		{C8537BA6-C823-49BE-AA98-A57C366F0934}.Release|Any CPU.ActiveCfg = Release|Any CPU
		{C8537BA6-C823-49BE-AA98-A57C366F0934}.Release|Any CPU.Build.0 = Release|Any CPU
	EndGlobalSection
	GlobalSection(SolutionProperties) = preSolution
		HideSolutionNode = FALSE
	EndGlobalSection
	GlobalSection(ExtensibilityGlobals) = postSolution
		SolutionGuid = {51E315B7-B590-440B-AEB9-669AAF3B4B37}
	EndGlobalSection
EndGlobal
